
Microsoft Visual Studio Solution File, Format Version 12.00
# Visual Studio Version 16
VisualStudioVersion = 16.0.29613.14
MinimumVisualStudioVersion = 10.0.40219.1
Project("{9A19103F-16F7-4668-BE54-9A1E7A4F7556}") = "DraftSiteApi", "DraftSiteApi\DraftSiteApi.csproj", "{8F8C86E1-1E22-4E8B-824E-61961DB63F5D}"
EndProject
Project("{9A19103F-16F7-4668-BE54-9A1E7A4F7556}") = "DraftSiteRepository", "DraftSiteRepository\DraftSiteRepository.csproj", "{B8BCBCB1-3BC8-4457-825F-5CBB73797422}"
EndProject
Project("{9A19103F-16F7-4668-BE54-9A1E7A4F7556}") = "DraftSiteService", "DraftSiteService\DraftSiteService.csproj", "{4FFFAB2F-AEA9-4E48-8BF1-84C8FCA4B602}"
EndProject
Project("{FAE04EC0-301F-11D3-BF4B-00C04F79EFBC}") = "DraftSiteModels", "DraftSiteModels\DraftSiteModels.csproj", "{F44D6648-88FC-4FAD-939C-8F1F52DFB8E1}"
EndProject
Global
	GlobalSection(SolutionConfigurationPlatforms) = preSolution
		Debug|Any CPU = Debug|Any CPU
		Release|Any CPU = Release|Any CPU
	EndGlobalSection
	GlobalSection(ProjectConfigurationPlatforms) = postSolution
		{8F8C86E1-1E22-4E8B-824E-61961DB63F5D}.Debug|Any CPU.ActiveCfg = Debug|Any CPU
		{8F8C86E1-1E22-4E8B-824E-61961DB63F5D}.Debug|Any CPU.Build.0 = Debug|Any CPU
		{8F8C86E1-1E22-4E8B-824E-61961DB63F5D}.Release|Any CPU.ActiveCfg = Release|Any CPU
		{8F8C86E1-1E22-4E8B-824E-61961DB63F5D}.Release|Any CPU.Build.0 = Release|Any CPU
		{B8BCBCB1-3BC8-4457-825F-5CBB73797422}.Debug|Any CPU.ActiveCfg = Debug|Any CPU
		{B8BCBCB1-3BC8-4457-825F-5CBB73797422}.Debug|Any CPU.Build.0 = Debug|Any CPU
		{B8BCBCB1-3BC8-4457-825F-5CBB73797422}.Release|Any CPU.ActiveCfg = Release|Any CPU
		{B8BCBCB1-3BC8-4457-825F-5CBB73797422}.Release|Any CPU.Build.0 = Release|Any CPU
		{4FFFAB2F-AEA9-4E48-8BF1-84C8FCA4B602}.Debug|Any CPU.ActiveCfg = Debug|Any CPU
		{4FFFAB2F-AEA9-4E48-8BF1-84C8FCA4B602}.Debug|Any CPU.Build.0 = Debug|Any CPU
		{4FFFAB2F-AEA9-4E48-8BF1-84C8FCA4B602}.Release|Any CPU.ActiveCfg = Release|Any CPU
		{4FFFAB2F-AEA9-4E48-8BF1-84C8FCA4B602}.Release|Any CPU.Build.0 = Release|Any CPU
		{F44D6648-88FC-4FAD-939C-8F1F52DFB8E1}.Debug|Any CPU.ActiveCfg = Debug|Any CPU
		{F44D6648-88FC-4FAD-939C-8F1F52DFB8E1}.Debug|Any CPU.Build.0 = Debug|Any CPU
		{F44D6648-88FC-4FAD-939C-8F1F52DFB8E1}.Release|Any CPU.ActiveCfg = Release|Any CPU
		{F44D6648-88FC-4FAD-939C-8F1F52DFB8E1}.Release|Any CPU.Build.0 = Release|Any CPU
	EndGlobalSection
	GlobalSection(SolutionProperties) = preSolution
		HideSolutionNode = FALSE
	EndGlobalSection
	GlobalSection(ExtensibilityGlobals) = postSolution
		SolutionGuid = {A28F84A1-C394-467C-9067-C0527CE804C7}
	EndGlobalSection
EndGlobal
